
Microsoft Visual Studio Solution File, Format Version 12.00
# Visual Studio Version 16
VisualStudioVersion = 16.0.29613.14
MinimumVisualStudioVersion = 10.0.40219.1
Project("{FAE04EC0-301F-11D3-BF4B-00C04F79EFBC}") = "WPFCommandPanel", "WPFCommandPanel.csproj", "{D2F3B308-6203-485D-8FE9-310E033EF320}"
EndProject
Project("{FAE04EC0-301F-11D3-BF4B-00C04F79EFBC}") = "ReportGenerators", "..\ReportGeneratorProj\ReportGenerators.csproj", "{02D8B202-3BE7-4F50-A570-61410901183E}"
EndProject
Global
	GlobalSection(SolutionConfigurationPlatforms) = preSolution
		Debug|Any CPU = Debug|Any CPU
		Release|Any CPU = Release|Any CPU
	EndGlobalSection
	GlobalSection(ProjectConfigurationPlatforms) = postSolution
		{D2F3B308-6203-485D-8FE9-310E033EF320}.Debug|Any CPU.ActiveCfg = Debug|Any CPU
		{D2F3B308-6203-485D-8FE9-310E033EF320}.Debug|Any CPU.Build.0 = Debug|Any CPU
		{D2F3B308-6203-485D-8FE9-310E033EF320}.Release|Any CPU.ActiveCfg = Release|Any CPU
		{D2F3B308-6203-485D-8FE9-310E033EF320}.Release|Any CPU.Build.0 = Release|Any CPU
		{02D8B202-3BE7-4F50-A570-61410901183E}.Debug|Any CPU.ActiveCfg = Debug|Any CPU
		{02D8B202-3BE7-4F50-A570-61410901183E}.Debug|Any CPU.Build.0 = Debug|Any CPU
		{02D8B202-3BE7-4F50-A570-61410901183E}.Release|Any CPU.ActiveCfg = Release|Any CPU
		{02D8B202-3BE7-4F50-A570-61410901183E}.Release|Any CPU.Build.0 = Release|Any CPU
	EndGlobalSection
	GlobalSection(SolutionProperties) = preSolution
		HideSolutionNode = FALSE
	EndGlobalSection
	GlobalSection(ExtensibilityGlobals) = postSolution
		SolutionGuid = {AAC7ED0C-95B8-4283-BD94-2761E2C226C4}
	EndGlobalSection
EndGlobal
